<Solution>
  <Folder Name="/.agents/" />
  <Folder Name="/.skills/">
  </Folder>
  <Folder Name="/build/">
    <Project Path=".build/.build.csproj" />
  </Folder>
  <Folder Name="/src/">
    <Project Path="src/Transporter/Transporter.csproj" />
    <Project Path="src/Transporter.Analyzers/Transporter.Analyzers.csproj" />
    <Project Path="src/Transporter.CodeFixes/Transporter.CodeFixes.csproj" />
    <Project Path="src\Gui\Gui.csproj" />
  </Folder>
  <Folder Name="/test/">
    <Project Path="test\UnitTests\UnitTests.csproj" />
  </Folder>
  <Folder Name="/tools/">
    <Project Path="tools/Transporter.SampleRecording/Transporter.SampleRecording.csproj" />
  </Folder>
</Solution>
